
Microsoft Visual Studio Solution File, Format Version 12.00
# Visual Studio Version 16
VisualStudioVersion = 16.0.32428.217
MinimumVisualStudioVersion = 10.0.40219.1
Project("{FAE04EC0-301F-11D3-BF4B-00C04F79EFBC}") = "T01.InitialSetup", "T01.InitialSetup\T01.InitialSetup.csproj", "{81E4671C-58BF-4867-A5F6-C399DE0C7586}"
EndProject
Global
	GlobalSection(SolutionConfigurationPlatforms) = preSolution
		Debug|Any CPU = Debug|Any CPU
		Release|Any CPU = Release|Any CPU
	EndGlobalSection
	GlobalSection(ProjectConfigurationPlatforms) = postSolution
		{81E4671C-58BF-4867-A5F6-C399DE0C7586}.Debug|Any CPU.ActiveCfg = Debug|Any CPU
		{81E4671C-58BF-4867-A5F6-C399DE0C7586}.Debug|Any CPU.Build.0 = Debug|Any CPU
		{81E4671C-58BF-4867-A5F6-C399DE0C7586}.Release|Any CPU.ActiveCfg = Release|Any CPU
		{81E4671C-58BF-4867-A5F6-C399DE0C7586}.Release|Any CPU.Build.0 = Release|Any CPU
	EndGlobalSection
	GlobalSection(SolutionProperties) = preSolution
		HideSolutionNode = FALSE
	EndGlobalSection
	GlobalSection(ExtensibilityGlobals) = postSolution
		SolutionGuid = {0C4797F3-1D2A-4C35-A36B-607AB1424B8C}
	EndGlobalSection
EndGlobal
